
Microsoft Visual Studio Solution File, Format Version 12.00
# Visual Studio Version 16
VisualStudioVersion = 16.0.31410.357
MinimumVisualStudioVersion = 10.0.40219.1
Project("{FAE04EC0-301F-11D3-BF4B-00C04F79EFBC}") = "ImportExportUtility", "ImportExportUtility\ImportExportUtility.csproj", "{BF7565B6-79E9-42D5-A5BF-E096239ADDE2}"
EndProject
Project("{FAE04EC0-301F-11D3-BF4B-00C04F79EFBC}") = "UtilityEngine", "UtilityEngine\UtilityEngine.csproj", "{71A92D35-6699-4ABF-9690-3C097FDC057C}"
EndProject
Project("{FAE04EC0-301F-11D3-BF4B-00C04F79EFBC}") = "UtilityEngineORM", "UtilityEngineORM\UtilityEngineORM.csproj", "{E08B7D25-BFCD-4F11-89AF-E3617F525064}"
EndProject
Project("{FAE04EC0-301F-11D3-BF4B-00C04F79EFBC}") = "Entities", "Entities\Entities.csproj", "{8EE84754-D9D8-4A66-A189-D6A5A214C539}"
EndProject
Global
	GlobalSection(SolutionConfigurationPlatforms) = preSolution
		Debug|Any CPU = Debug|Any CPU
		Release|Any CPU = Release|Any CPU
	EndGlobalSection
	GlobalSection(ProjectConfigurationPlatforms) = postSolution
		{BF7565B6-79E9-42D5-A5BF-E096239ADDE2}.Debug|Any CPU.ActiveCfg = Debug|Any CPU
		{BF7565B6-79E9-42D5-A5BF-E096239ADDE2}.Debug|Any CPU.Build.0 = Debug|Any CPU
		{BF7565B6-79E9-42D5-A5BF-E096239ADDE2}.Release|Any CPU.ActiveCfg = Release|Any CPU
		{BF7565B6-79E9-42D5-A5BF-E096239ADDE2}.Release|Any CPU.Build.0 = Release|Any CPU
		{71A92D35-6699-4ABF-9690-3C097FDC057C}.Debug|Any CPU.ActiveCfg = Debug|Any CPU
		{71A92D35-6699-4ABF-9690-3C097FDC057C}.Debug|Any CPU.Build.0 = Debug|Any CPU
		{71A92D35-6699-4ABF-9690-3C097FDC057C}.Release|Any CPU.ActiveCfg = Release|Any CPU
		{71A92D35-6699-4ABF-9690-3C097FDC057C}.Release|Any CPU.Build.0 = Release|Any CPU
		{E08B7D25-BFCD-4F11-89AF-E3617F525064}.Debug|Any CPU.ActiveCfg = Debug|Any CPU
		{E08B7D25-BFCD-4F11-89AF-E3617F525064}.Debug|Any CPU.Build.0 = Debug|Any CPU
		{E08B7D25-BFCD-4F11-89AF-E3617F525064}.Release|Any CPU.ActiveCfg = Release|Any CPU
		{E08B7D25-BFCD-4F11-89AF-E3617F525064}.Release|Any CPU.Build.0 = Release|Any CPU
		{8EE84754-D9D8-4A66-A189-D6A5A214C539}.Debug|Any CPU.ActiveCfg = Debug|Any CPU
		{8EE84754-D9D8-4A66-A189-D6A5A214C539}.Debug|Any CPU.Build.0 = Debug|Any CPU
		{8EE84754-D9D8-4A66-A189-D6A5A214C539}.Release|Any CPU.ActiveCfg = Release|Any CPU
		{8EE84754-D9D8-4A66-A189-D6A5A214C539}.Release|Any CPU.Build.0 = Release|Any CPU
	EndGlobalSection
	GlobalSection(SolutionProperties) = preSolution
		HideSolutionNode = FALSE
	EndGlobalSection
	GlobalSection(ExtensibilityGlobals) = postSolution
		SolutionGuid = {B7E13E6D-AA01-43C5-A303-0BAAFE7B1C17}
	EndGlobalSection
EndGlobal
